
Microsoft Visual Studio Solution File, Format Version 12.00
# Visual Studio Version 16
VisualStudioVersion = 16.0.30907.101
MinimumVisualStudioVersion = 10.0.40219.1
Project("{FAE04EC0-301F-11D3-BF4B-00C04F79EFBC}") = "Employee-App-With-Manager-Analyst-Module", "Employee-App-With-Manager-Analyst-Module\Employee-App-With-Manager-Analyst-Module.csproj", "{4D761541-A515-4ADD-9924-D6294AD1D43C}"
EndProject
Global
	GlobalSection(SolutionConfigurationPlatforms) = preSolution
		Debug|Any CPU = Debug|Any CPU
		Release|Any CPU = Release|Any CPU
	EndGlobalSection
	GlobalSection(ProjectConfigurationPlatforms) = postSolution
		{4D761541-A515-4ADD-9924-D6294AD1D43C}.Debug|Any CPU.ActiveCfg = Debug|Any CPU
		{4D761541-A515-4ADD-9924-D6294AD1D43C}.Debug|Any CPU.Build.0 = Debug|Any CPU
		{4D761541-A515-4ADD-9924-D6294AD1D43C}.Release|Any CPU.ActiveCfg = Release|Any CPU
		{4D761541-A515-4ADD-9924-D6294AD1D43C}.Release|Any CPU.Build.0 = Release|Any CPU
	EndGlobalSection
	GlobalSection(SolutionProperties) = preSolution
		HideSolutionNode = FALSE
	EndGlobalSection
	GlobalSection(ExtensibilityGlobals) = postSolution
		SolutionGuid = {F3C16910-9C23-4598-8307-10AF01F73A54}
	EndGlobalSection
EndGlobal
