
Microsoft Visual Studio Solution File, Format Version 12.00
# Visual Studio Version 16
VisualStudioVersion = 16.0.30907.101
MinimumVisualStudioVersion = 10.0.40219.1
Project("{FAE04EC0-301F-11D3-BF4B-00C04F79EFBC}") = "File-Operation-Reading-App", "File-Operation-Reading-App.csproj", "{62E15BA9-7D0B-4BA1-B102-3C2637772301}"
EndProject
Global
	GlobalSection(SolutionConfigurationPlatforms) = preSolution
		Debug|Any CPU = Debug|Any CPU
		Release|Any CPU = Release|Any CPU
	EndGlobalSection
	GlobalSection(ProjectConfigurationPlatforms) = postSolution
		{62E15BA9-7D0B-4BA1-B102-3C2637772301}.Debug|Any CPU.ActiveCfg = Debug|Any CPU
		{62E15BA9-7D0B-4BA1-B102-3C2637772301}.Debug|Any CPU.Build.0 = Debug|Any CPU
		{62E15BA9-7D0B-4BA1-B102-3C2637772301}.Release|Any CPU.ActiveCfg = Release|Any CPU
		{62E15BA9-7D0B-4BA1-B102-3C2637772301}.Release|Any CPU.Build.0 = Release|Any CPU
	EndGlobalSection
	GlobalSection(SolutionProperties) = preSolution
		HideSolutionNode = FALSE
	EndGlobalSection
	GlobalSection(ExtensibilityGlobals) = postSolution
		SolutionGuid = {3E5CAF48-4CC1-41AD-A294-981DB298037B}
	EndGlobalSection
EndGlobal
