
Microsoft Visual Studio Solution File, Format Version 12.00
# Visual Studio Version 16
VisualStudioVersion = 16.0.30907.101
MinimumVisualStudioVersion = 10.0.40219.1
Project("{FAE04EC0-301F-11D3-BF4B-00C04F79EFBC}") = "FestivalRateApp", "FestivalRateApp.csproj", "{DD08CC14-F043-40F3-A223-D775DBC3E1CA}"
EndProject
Global
	GlobalSection(SolutionConfigurationPlatforms) = preSolution
		Debug|Any CPU = Debug|Any CPU
		Release|Any CPU = Release|Any CPU
	EndGlobalSection
	GlobalSection(ProjectConfigurationPlatforms) = postSolution
		{DD08CC14-F043-40F3-A223-D775DBC3E1CA}.Debug|Any CPU.ActiveCfg = Debug|Any CPU
		{DD08CC14-F043-40F3-A223-D775DBC3E1CA}.Debug|Any CPU.Build.0 = Debug|Any CPU
		{DD08CC14-F043-40F3-A223-D775DBC3E1CA}.Release|Any CPU.ActiveCfg = Release|Any CPU
		{DD08CC14-F043-40F3-A223-D775DBC3E1CA}.Release|Any CPU.Build.0 = Release|Any CPU
	EndGlobalSection
	GlobalSection(SolutionProperties) = preSolution
		HideSolutionNode = FALSE
	EndGlobalSection
	GlobalSection(ExtensibilityGlobals) = postSolution
		SolutionGuid = {D217A5F1-60F3-4014-9F9A-A4DDC2CCF9CF}
	EndGlobalSection
EndGlobal
