
Microsoft Visual Studio Solution File, Format Version 12.00
# Visual Studio Version 16
VisualStudioVersion = 16.0.30907.101
MinimumVisualStudioVersion = 10.0.40219.1
Project("{FAE04EC0-301F-11D3-BF4B-00C04F79EFBC}") = "ProxyPatternApp", "ProxyPatternApp.csproj", "{CDFF26D0-2A02-48C9-B69E-CA9A7A472885}"
EndProject
Global
	GlobalSection(SolutionConfigurationPlatforms) = preSolution
		Debug|Any CPU = Debug|Any CPU
		Release|Any CPU = Release|Any CPU
	EndGlobalSection
	GlobalSection(ProjectConfigurationPlatforms) = postSolution
		{CDFF26D0-2A02-48C9-B69E-CA9A7A472885}.Debug|Any CPU.ActiveCfg = Debug|Any CPU
		{CDFF26D0-2A02-48C9-B69E-CA9A7A472885}.Debug|Any CPU.Build.0 = Debug|Any CPU
		{CDFF26D0-2A02-48C9-B69E-CA9A7A472885}.Release|Any CPU.ActiveCfg = Release|Any CPU
		{CDFF26D0-2A02-48C9-B69E-CA9A7A472885}.Release|Any CPU.Build.0 = Release|Any CPU
	EndGlobalSection
	GlobalSection(SolutionProperties) = preSolution
		HideSolutionNode = FALSE
	EndGlobalSection
	GlobalSection(ExtensibilityGlobals) = postSolution
		SolutionGuid = {B9E76737-380B-442D-B2E4-D86A34307F8A}
	EndGlobalSection
EndGlobal
