
Microsoft Visual Studio Solution File, Format Version 12.00
# Visual Studio Version 16
VisualStudioVersion = 16.0.30907.101
MinimumVisualStudioVersion = 10.0.40219.1
Project("{FAE04EC0-301F-11D3-BF4B-00C04F79EFBC}") = "MasterPageMVC", "MasterPageMVC.csproj", "{2B915440-9E29-4882-B400-06BFC7F3920B}"
EndProject
Global
	GlobalSection(SolutionConfigurationPlatforms) = preSolution
		Debug|Any CPU = Debug|Any CPU
		Release|Any CPU = Release|Any CPU
	EndGlobalSection
	GlobalSection(ProjectConfigurationPlatforms) = postSolution
		{2B915440-9E29-4882-B400-06BFC7F3920B}.Debug|Any CPU.ActiveCfg = Debug|Any CPU
		{2B915440-9E29-4882-B400-06BFC7F3920B}.Debug|Any CPU.Build.0 = Debug|Any CPU
		{2B915440-9E29-4882-B400-06BFC7F3920B}.Release|Any CPU.ActiveCfg = Release|Any CPU
		{2B915440-9E29-4882-B400-06BFC7F3920B}.Release|Any CPU.Build.0 = Release|Any CPU
	EndGlobalSection
	GlobalSection(SolutionProperties) = preSolution
		HideSolutionNode = FALSE
	EndGlobalSection
	GlobalSection(ExtensibilityGlobals) = postSolution
		SolutionGuid = {76FB2DFD-3B3B-470D-B8C6-AA36E31230AC}
	EndGlobalSection
EndGlobal
