
Microsoft Visual Studio Solution File, Format Version 12.00
# Visual Studio Version 16
VisualStudioVersion = 16.0.30907.101
MinimumVisualStudioVersion = 10.0.40219.1
Project("{FAE04EC0-301F-11D3-BF4B-00C04F79EFBC}") = "Shop-With-Cart-App", "Shop-With-Cart-App.csproj", "{04A561A9-0F0F-436B-B050-46220B138F25}"
EndProject
Global
	GlobalSection(SolutionConfigurationPlatforms) = preSolution
		Debug|Any CPU = Debug|Any CPU
		Release|Any CPU = Release|Any CPU
	EndGlobalSection
	GlobalSection(ProjectConfigurationPlatforms) = postSolution
		{04A561A9-0F0F-436B-B050-46220B138F25}.Debug|Any CPU.ActiveCfg = Debug|Any CPU
		{04A561A9-0F0F-436B-B050-46220B138F25}.Debug|Any CPU.Build.0 = Debug|Any CPU
		{04A561A9-0F0F-436B-B050-46220B138F25}.Release|Any CPU.ActiveCfg = Release|Any CPU
		{04A561A9-0F0F-436B-B050-46220B138F25}.Release|Any CPU.Build.0 = Release|Any CPU
	EndGlobalSection
	GlobalSection(SolutionProperties) = preSolution
		HideSolutionNode = FALSE
	EndGlobalSection
	GlobalSection(ExtensibilityGlobals) = postSolution
		SolutionGuid = {C6013800-16B1-4FA8-990A-2600395C70B3}
	EndGlobalSection
EndGlobal
