
Microsoft Visual Studio Solution File, Format Version 12.00
# Visual Studio Version 16
VisualStudioVersion = 16.0.30907.101
MinimumVisualStudioVersion = 10.0.40219.1
Project("{FAE04EC0-301F-11D3-BF4B-00C04F79EFBC}") = "College-App", "College-App.csproj", "{EBCF27F1-23C5-4185-9753-C33C0990DA8E}"
EndProject
Global
	GlobalSection(SolutionConfigurationPlatforms) = preSolution
		Debug|Any CPU = Debug|Any CPU
		Release|Any CPU = Release|Any CPU
	EndGlobalSection
	GlobalSection(ProjectConfigurationPlatforms) = postSolution
		{EBCF27F1-23C5-4185-9753-C33C0990DA8E}.Debug|Any CPU.ActiveCfg = Debug|Any CPU
		{EBCF27F1-23C5-4185-9753-C33C0990DA8E}.Debug|Any CPU.Build.0 = Debug|Any CPU
		{EBCF27F1-23C5-4185-9753-C33C0990DA8E}.Release|Any CPU.ActiveCfg = Release|Any CPU
		{EBCF27F1-23C5-4185-9753-C33C0990DA8E}.Release|Any CPU.Build.0 = Release|Any CPU
	EndGlobalSection
	GlobalSection(SolutionProperties) = preSolution
		HideSolutionNode = FALSE
	EndGlobalSection
	GlobalSection(ExtensibilityGlobals) = postSolution
		SolutionGuid = {ED76A4B8-336E-4A33-822A-457A0636D9C1}
	EndGlobalSection
EndGlobal
