
Microsoft Visual Studio Solution File, Format Version 12.00
# Visual Studio Version 16
VisualStudioVersion = 16.0.30907.101
MinimumVisualStudioVersion = 10.0.40219.1
Project("{FAE04EC0-301F-11D3-BF4B-00C04F79EFBC}") = "Contact_Core", "..\Contact_Core\Contact_Core.csproj", "{7E112FD2-4DCA-4ED7-A963-56626F4ACABC}"
EndProject
Project("{FAE04EC0-301F-11D3-BF4B-00C04F79EFBC}") = "Contact_WebApi", "..\Contact_WebApi\Contact_WebApi.csproj", "{6A1A88B8-F8FD-48D4-9A83-10852C547942}"
EndProject
Project("{FAE04EC0-301F-11D3-BF4B-00C04F79EFBC}") = "Contact_MVC", "Contact_MVC.csproj", "{76AF38E2-06EE-4D89-8C28-6CFEADB4C077}"
EndProject
Global
	GlobalSection(SolutionConfigurationPlatforms) = preSolution
		Debug|Any CPU = Debug|Any CPU
		Release|Any CPU = Release|Any CPU
	EndGlobalSection
	GlobalSection(ProjectConfigurationPlatforms) = postSolution
		{7E112FD2-4DCA-4ED7-A963-56626F4ACABC}.Debug|Any CPU.ActiveCfg = Debug|Any CPU
		{7E112FD2-4DCA-4ED7-A963-56626F4ACABC}.Debug|Any CPU.Build.0 = Debug|Any CPU
		{7E112FD2-4DCA-4ED7-A963-56626F4ACABC}.Release|Any CPU.ActiveCfg = Release|Any CPU
		{7E112FD2-4DCA-4ED7-A963-56626F4ACABC}.Release|Any CPU.Build.0 = Release|Any CPU
		{6A1A88B8-F8FD-48D4-9A83-10852C547942}.Debug|Any CPU.ActiveCfg = Debug|Any CPU
		{6A1A88B8-F8FD-48D4-9A83-10852C547942}.Debug|Any CPU.Build.0 = Debug|Any CPU
		{6A1A88B8-F8FD-48D4-9A83-10852C547942}.Release|Any CPU.ActiveCfg = Release|Any CPU
		{6A1A88B8-F8FD-48D4-9A83-10852C547942}.Release|Any CPU.Build.0 = Release|Any CPU
		{76AF38E2-06EE-4D89-8C28-6CFEADB4C077}.Debug|Any CPU.ActiveCfg = Debug|Any CPU
		{76AF38E2-06EE-4D89-8C28-6CFEADB4C077}.Debug|Any CPU.Build.0 = Debug|Any CPU
		{76AF38E2-06EE-4D89-8C28-6CFEADB4C077}.Release|Any CPU.ActiveCfg = Release|Any CPU
		{76AF38E2-06EE-4D89-8C28-6CFEADB4C077}.Release|Any CPU.Build.0 = Release|Any CPU
	EndGlobalSection
	GlobalSection(SolutionProperties) = preSolution
		HideSolutionNode = FALSE
	EndGlobalSection
	GlobalSection(ExtensibilityGlobals) = postSolution
		SolutionGuid = {BE08E70B-C398-4934-B0EF-5DD9CA9DCA3F}
	EndGlobalSection
EndGlobal
