
Microsoft Visual Studio Solution File, Format Version 12.00
# Visual Studio Version 16
VisualStudioVersion = 16.0.30907.101
MinimumVisualStudioVersion = 10.0.40219.1
Project("{FAE04EC0-301F-11D3-BF4B-00C04F79EFBC}") = "EmployeeApp", "EmployeeApp.csproj", "{8F226FDB-D2FE-44A0-B8CE-D6B36B1AEEB5}"
EndProject
Global
	GlobalSection(SolutionConfigurationPlatforms) = preSolution
		Debug|Any CPU = Debug|Any CPU
		Release|Any CPU = Release|Any CPU
	EndGlobalSection
	GlobalSection(ProjectConfigurationPlatforms) = postSolution
		{8F226FDB-D2FE-44A0-B8CE-D6B36B1AEEB5}.Debug|Any CPU.ActiveCfg = Debug|Any CPU
		{8F226FDB-D2FE-44A0-B8CE-D6B36B1AEEB5}.Debug|Any CPU.Build.0 = Debug|Any CPU
		{8F226FDB-D2FE-44A0-B8CE-D6B36B1AEEB5}.Release|Any CPU.ActiveCfg = Release|Any CPU
		{8F226FDB-D2FE-44A0-B8CE-D6B36B1AEEB5}.Release|Any CPU.Build.0 = Release|Any CPU
	EndGlobalSection
	GlobalSection(SolutionProperties) = preSolution
		HideSolutionNode = FALSE
	EndGlobalSection
	GlobalSection(ExtensibilityGlobals) = postSolution
		SolutionGuid = {A277E56E-6834-4156-AE16-6B5395FF69D7}
	EndGlobalSection
EndGlobal
