
Microsoft Visual Studio Solution File, Format Version 12.00
# Visual Studio Version 16
VisualStudioVersion = 16.0.30907.101
MinimumVisualStudioVersion = 10.0.40219.1
Project("{FAE04EC0-301F-11D3-BF4B-00C04F79EFBC}") = "ConsoleWinApp", "ConsoleWinApp.csproj", "{DE7E32EE-BEC6-49EB-B037-2EA401E01A24}"
EndProject
Global
	GlobalSection(SolutionConfigurationPlatforms) = preSolution
		Debug|Any CPU = Debug|Any CPU
		Release|Any CPU = Release|Any CPU
	EndGlobalSection
	GlobalSection(ProjectConfigurationPlatforms) = postSolution
		{DE7E32EE-BEC6-49EB-B037-2EA401E01A24}.Debug|Any CPU.ActiveCfg = Debug|Any CPU
		{DE7E32EE-BEC6-49EB-B037-2EA401E01A24}.Debug|Any CPU.Build.0 = Debug|Any CPU
		{DE7E32EE-BEC6-49EB-B037-2EA401E01A24}.Release|Any CPU.ActiveCfg = Release|Any CPU
		{DE7E32EE-BEC6-49EB-B037-2EA401E01A24}.Release|Any CPU.Build.0 = Release|Any CPU
	EndGlobalSection
	GlobalSection(SolutionProperties) = preSolution
		HideSolutionNode = FALSE
	EndGlobalSection
	GlobalSection(ExtensibilityGlobals) = postSolution
		SolutionGuid = {16D7A3DD-1A9D-4553-81E9-7A1335D94CD6}
	EndGlobalSection
EndGlobal
