
Microsoft Visual Studio Solution File, Format Version 12.00
# Visual Studio Version 16
VisualStudioVersion = 16.0.30907.101
MinimumVisualStudioVersion = 10.0.40219.1
Project("{FAE04EC0-301F-11D3-BF4B-00C04F79EFBC}") = "Guess-Game-App-3", "Guess-Game-App-3\Guess-Game-App-3.csproj", "{EC9AEB11-D650-4E47-AD36-FDEF46C3D63B}"
EndProject
Global
	GlobalSection(SolutionConfigurationPlatforms) = preSolution
		Debug|Any CPU = Debug|Any CPU
		Release|Any CPU = Release|Any CPU
	EndGlobalSection
	GlobalSection(ProjectConfigurationPlatforms) = postSolution
		{EC9AEB11-D650-4E47-AD36-FDEF46C3D63B}.Debug|Any CPU.ActiveCfg = Debug|Any CPU
		{EC9AEB11-D650-4E47-AD36-FDEF46C3D63B}.Debug|Any CPU.Build.0 = Debug|Any CPU
		{EC9AEB11-D650-4E47-AD36-FDEF46C3D63B}.Release|Any CPU.ActiveCfg = Release|Any CPU
		{EC9AEB11-D650-4E47-AD36-FDEF46C3D63B}.Release|Any CPU.Build.0 = Release|Any CPU
	EndGlobalSection
	GlobalSection(SolutionProperties) = preSolution
		HideSolutionNode = FALSE
	EndGlobalSection
	GlobalSection(ExtensibilityGlobals) = postSolution
		SolutionGuid = {D704ED7E-B2FC-426D-9EEA-FA039DC5A35A}
	EndGlobalSection
EndGlobal
