
Microsoft Visual Studio Solution File, Format Version 12.00
# Visual Studio Version 16
VisualStudioVersion = 16.0.30907.101
MinimumVisualStudioVersion = 10.0.40219.1
Project("{FAE04EC0-301F-11D3-BF4B-00C04F79EFBC}") = "LinqToFile", "LinqToFile.csproj", "{9F409880-6638-413A-8851-3272EB8383A4}"
EndProject
Global
	GlobalSection(SolutionConfigurationPlatforms) = preSolution
		Debug|Any CPU = Debug|Any CPU
		Release|Any CPU = Release|Any CPU
	EndGlobalSection
	GlobalSection(ProjectConfigurationPlatforms) = postSolution
		{9F409880-6638-413A-8851-3272EB8383A4}.Debug|Any CPU.ActiveCfg = Debug|Any CPU
		{9F409880-6638-413A-8851-3272EB8383A4}.Debug|Any CPU.Build.0 = Debug|Any CPU
		{9F409880-6638-413A-8851-3272EB8383A4}.Release|Any CPU.ActiveCfg = Release|Any CPU
		{9F409880-6638-413A-8851-3272EB8383A4}.Release|Any CPU.Build.0 = Release|Any CPU
	EndGlobalSection
	GlobalSection(SolutionProperties) = preSolution
		HideSolutionNode = FALSE
	EndGlobalSection
	GlobalSection(ExtensibilityGlobals) = postSolution
		SolutionGuid = {E7CAAEF8-2DE1-41CA-8DBB-F21E056CBA46}
	EndGlobalSection
EndGlobal
