
Microsoft Visual Studio Solution File, Format Version 12.00
# Visual Studio Version 16
VisualStudioVersion = 16.0.30907.101
MinimumVisualStudioVersion = 10.0.40219.1
Project("{FAE04EC0-301F-11D3-BF4B-00C04F79EFBC}") = "EFCoreConsoleApp", "EFCoreConsoleApp.csproj", "{B3EB287E-D9D4-4799-9A4E-404C60133003}"
EndProject
Global
	GlobalSection(SolutionConfigurationPlatforms) = preSolution
		Debug|Any CPU = Debug|Any CPU
		Release|Any CPU = Release|Any CPU
	EndGlobalSection
	GlobalSection(ProjectConfigurationPlatforms) = postSolution
		{B3EB287E-D9D4-4799-9A4E-404C60133003}.Debug|Any CPU.ActiveCfg = Debug|Any CPU
		{B3EB287E-D9D4-4799-9A4E-404C60133003}.Debug|Any CPU.Build.0 = Debug|Any CPU
		{B3EB287E-D9D4-4799-9A4E-404C60133003}.Release|Any CPU.ActiveCfg = Release|Any CPU
		{B3EB287E-D9D4-4799-9A4E-404C60133003}.Release|Any CPU.Build.0 = Release|Any CPU
	EndGlobalSection
	GlobalSection(SolutionProperties) = preSolution
		HideSolutionNode = FALSE
	EndGlobalSection
	GlobalSection(ExtensibilityGlobals) = postSolution
		SolutionGuid = {795B8B3A-06D2-4386-9A9E-269D8B20BF40}
	EndGlobalSection
EndGlobal
