
Microsoft Visual Studio Solution File, Format Version 12.00
# Visual Studio Version 16
VisualStudioVersion = 16.0.30907.101
MinimumVisualStudioVersion = 10.0.40219.1
Project("{9A19103F-16F7-4668-BE54-9A1E7A4F7556}") = "FirstCoreWebApplication", "FirstCoreWebApplication.csproj", "{DED0D94E-067B-4AA8-AA71-C7387E140B71}"
EndProject
Global
	GlobalSection(SolutionConfigurationPlatforms) = preSolution
		Debug|Any CPU = Debug|Any CPU
		Release|Any CPU = Release|Any CPU
	EndGlobalSection
	GlobalSection(ProjectConfigurationPlatforms) = postSolution
		{DED0D94E-067B-4AA8-AA71-C7387E140B71}.Debug|Any CPU.ActiveCfg = Debug|Any CPU
		{DED0D94E-067B-4AA8-AA71-C7387E140B71}.Debug|Any CPU.Build.0 = Debug|Any CPU
		{DED0D94E-067B-4AA8-AA71-C7387E140B71}.Release|Any CPU.ActiveCfg = Release|Any CPU
		{DED0D94E-067B-4AA8-AA71-C7387E140B71}.Release|Any CPU.Build.0 = Release|Any CPU
	EndGlobalSection
	GlobalSection(SolutionProperties) = preSolution
		HideSolutionNode = FALSE
	EndGlobalSection
	GlobalSection(ExtensibilityGlobals) = postSolution
		SolutionGuid = {87A63667-E76A-4768-BD6C-BB6B354C7B94}
	EndGlobalSection
EndGlobal
