
Microsoft Visual Studio Solution File, Format Version 12.00
# Visual Studio Version 16
VisualStudioVersion = 16.0.30907.101
MinimumVisualStudioVersion = 10.0.40219.1
Project("{FAE04EC0-301F-11D3-BF4B-00C04F79EFBC}") = "DelegateHomeWork1App", "DelegateHomeWork1App.csproj", "{1B75E822-393A-4C50-87B2-65034CEED68E}"
EndProject
Global
	GlobalSection(SolutionConfigurationPlatforms) = preSolution
		Debug|Any CPU = Debug|Any CPU
		Release|Any CPU = Release|Any CPU
	EndGlobalSection
	GlobalSection(ProjectConfigurationPlatforms) = postSolution
		{1B75E822-393A-4C50-87B2-65034CEED68E}.Debug|Any CPU.ActiveCfg = Debug|Any CPU
		{1B75E822-393A-4C50-87B2-65034CEED68E}.Debug|Any CPU.Build.0 = Debug|Any CPU
		{1B75E822-393A-4C50-87B2-65034CEED68E}.Release|Any CPU.ActiveCfg = Release|Any CPU
		{1B75E822-393A-4C50-87B2-65034CEED68E}.Release|Any CPU.Build.0 = Release|Any CPU
	EndGlobalSection
	GlobalSection(SolutionProperties) = preSolution
		HideSolutionNode = FALSE
	EndGlobalSection
	GlobalSection(ExtensibilityGlobals) = postSolution
		SolutionGuid = {93DE784C-2586-4D64-9163-DFC4E799FA23}
	EndGlobalSection
EndGlobal
