
Microsoft Visual Studio Solution File, Format Version 12.00
# Visual Studio Version 16
VisualStudioVersion = 16.0.30907.101
MinimumVisualStudioVersion = 10.0.40219.1
Project("{FAE04EC0-301F-11D3-BF4B-00C04F79EFBC}") = "Product-App", "Product-App.csproj", "{2B1B6248-CD58-42DF-B2F6-A80765C8F8BD}"
EndProject
Global
	GlobalSection(SolutionConfigurationPlatforms) = preSolution
		Debug|Any CPU = Debug|Any CPU
		Release|Any CPU = Release|Any CPU
	EndGlobalSection
	GlobalSection(ProjectConfigurationPlatforms) = postSolution
		{2B1B6248-CD58-42DF-B2F6-A80765C8F8BD}.Debug|Any CPU.ActiveCfg = Debug|Any CPU
		{2B1B6248-CD58-42DF-B2F6-A80765C8F8BD}.Debug|Any CPU.Build.0 = Debug|Any CPU
		{2B1B6248-CD58-42DF-B2F6-A80765C8F8BD}.Release|Any CPU.ActiveCfg = Release|Any CPU
		{2B1B6248-CD58-42DF-B2F6-A80765C8F8BD}.Release|Any CPU.Build.0 = Release|Any CPU
	EndGlobalSection
	GlobalSection(SolutionProperties) = preSolution
		HideSolutionNode = FALSE
	EndGlobalSection
	GlobalSection(ExtensibilityGlobals) = postSolution
		SolutionGuid = {278E51A9-3530-4D8A-956E-2A2D0BA3B066}
	EndGlobalSection
EndGlobal
