
Microsoft Visual Studio Solution File, Format Version 12.00
# Visual Studio Version 16
VisualStudioVersion = 16.0.30907.101
MinimumVisualStudioVersion = 10.0.40219.1
Project("{FAE04EC0-301F-11D3-BF4B-00C04F79EFBC}") = "SessionApp", "SessionApp.csproj", "{855247FC-19CA-4A36-B1F4-8F7E73269F19}"
EndProject
Global
	GlobalSection(SolutionConfigurationPlatforms) = preSolution
		Debug|Any CPU = Debug|Any CPU
		Release|Any CPU = Release|Any CPU
	EndGlobalSection
	GlobalSection(ProjectConfigurationPlatforms) = postSolution
		{855247FC-19CA-4A36-B1F4-8F7E73269F19}.Debug|Any CPU.ActiveCfg = Debug|Any CPU
		{855247FC-19CA-4A36-B1F4-8F7E73269F19}.Debug|Any CPU.Build.0 = Debug|Any CPU
		{855247FC-19CA-4A36-B1F4-8F7E73269F19}.Release|Any CPU.ActiveCfg = Release|Any CPU
		{855247FC-19CA-4A36-B1F4-8F7E73269F19}.Release|Any CPU.Build.0 = Release|Any CPU
	EndGlobalSection
	GlobalSection(SolutionProperties) = preSolution
		HideSolutionNode = FALSE
	EndGlobalSection
	GlobalSection(ExtensibilityGlobals) = postSolution
		SolutionGuid = {682B7A11-C094-4C51-B772-547491F05563}
	EndGlobalSection
EndGlobal
