
Microsoft Visual Studio Solution File, Format Version 12.00
# Visual Studio Version 16
VisualStudioVersion = 16.0.30907.101
MinimumVisualStudioVersion = 10.0.40219.1
Project("{FAE04EC0-301F-11D3-BF4B-00C04F79EFBC}") = "StrategyPattern", "StrategyPattern.csproj", "{566BA9A7-877D-41B1-8B63-554D8DB32FA9}"
EndProject
Global
	GlobalSection(SolutionConfigurationPlatforms) = preSolution
		Debug|Any CPU = Debug|Any CPU
		Release|Any CPU = Release|Any CPU
	EndGlobalSection
	GlobalSection(ProjectConfigurationPlatforms) = postSolution
		{566BA9A7-877D-41B1-8B63-554D8DB32FA9}.Debug|Any CPU.ActiveCfg = Debug|Any CPU
		{566BA9A7-877D-41B1-8B63-554D8DB32FA9}.Debug|Any CPU.Build.0 = Debug|Any CPU
		{566BA9A7-877D-41B1-8B63-554D8DB32FA9}.Release|Any CPU.ActiveCfg = Release|Any CPU
		{566BA9A7-877D-41B1-8B63-554D8DB32FA9}.Release|Any CPU.Build.0 = Release|Any CPU
	EndGlobalSection
	GlobalSection(SolutionProperties) = preSolution
		HideSolutionNode = FALSE
	EndGlobalSection
	GlobalSection(ExtensibilityGlobals) = postSolution
		SolutionGuid = {E455949B-D0EE-427C-B3CF-807C6CBB661F}
	EndGlobalSection
EndGlobal
