
Microsoft Visual Studio Solution File, Format Version 12.00
# Visual Studio Version 16
VisualStudioVersion = 16.0.30907.101
MinimumVisualStudioVersion = 10.0.40219.1
Project("{FAE04EC0-301F-11D3-BF4B-00C04F79EFBC}") = "CarCleanerApp", "CarCleanerApp.csproj", "{9B301D0B-A6C1-4E1D-BD03-EB454631A0D7}"
EndProject
Global
	GlobalSection(SolutionConfigurationPlatforms) = preSolution
		Debug|Any CPU = Debug|Any CPU
		Release|Any CPU = Release|Any CPU
	EndGlobalSection
	GlobalSection(ProjectConfigurationPlatforms) = postSolution
		{9B301D0B-A6C1-4E1D-BD03-EB454631A0D7}.Debug|Any CPU.ActiveCfg = Debug|Any CPU
		{9B301D0B-A6C1-4E1D-BD03-EB454631A0D7}.Debug|Any CPU.Build.0 = Debug|Any CPU
		{9B301D0B-A6C1-4E1D-BD03-EB454631A0D7}.Release|Any CPU.ActiveCfg = Release|Any CPU
		{9B301D0B-A6C1-4E1D-BD03-EB454631A0D7}.Release|Any CPU.Build.0 = Release|Any CPU
	EndGlobalSection
	GlobalSection(SolutionProperties) = preSolution
		HideSolutionNode = FALSE
	EndGlobalSection
	GlobalSection(ExtensibilityGlobals) = postSolution
		SolutionGuid = {D4BA3044-08B2-4655-9715-270423294647}
	EndGlobalSection
EndGlobal
