
Microsoft Visual Studio Solution File, Format Version 12.00
# Visual Studio Version 16
VisualStudioVersion = 16.0.30907.101
MinimumVisualStudioVersion = 10.0.40219.1
Project("{FAE04EC0-301F-11D3-BF4B-00C04F79EFBC}") = "TemplatePatternApp", "TemplatePatternApp.csproj", "{7EC9860A-2E77-4152-BDF8-1A1B6EA8F750}"
EndProject
Global
	GlobalSection(SolutionConfigurationPlatforms) = preSolution
		Debug|Any CPU = Debug|Any CPU
		Release|Any CPU = Release|Any CPU
	EndGlobalSection
	GlobalSection(ProjectConfigurationPlatforms) = postSolution
		{7EC9860A-2E77-4152-BDF8-1A1B6EA8F750}.Debug|Any CPU.ActiveCfg = Debug|Any CPU
		{7EC9860A-2E77-4152-BDF8-1A1B6EA8F750}.Debug|Any CPU.Build.0 = Debug|Any CPU
		{7EC9860A-2E77-4152-BDF8-1A1B6EA8F750}.Release|Any CPU.ActiveCfg = Release|Any CPU
		{7EC9860A-2E77-4152-BDF8-1A1B6EA8F750}.Release|Any CPU.Build.0 = Release|Any CPU
	EndGlobalSection
	GlobalSection(SolutionProperties) = preSolution
		HideSolutionNode = FALSE
	EndGlobalSection
	GlobalSection(ExtensibilityGlobals) = postSolution
		SolutionGuid = {15EA95E2-8294-4B14-85FB-4AA04DD871D2}
	EndGlobalSection
EndGlobal
