
Microsoft Visual Studio Solution File, Format Version 12.00
# Visual Studio Version 16
VisualStudioVersion = 16.0.30907.101
MinimumVisualStudioVersion = 10.0.40219.1
Project("{FAE04EC0-301F-11D3-BF4B-00C04F79EFBC}") = "CalculatorEventApp", "CalculatorEventApp.csproj", "{D90B31FC-EE1F-4A46-88A2-79D53C956AFA}"
EndProject
Global
	GlobalSection(SolutionConfigurationPlatforms) = preSolution
		Debug|Any CPU = Debug|Any CPU
		Release|Any CPU = Release|Any CPU
	EndGlobalSection
	GlobalSection(ProjectConfigurationPlatforms) = postSolution
		{D90B31FC-EE1F-4A46-88A2-79D53C956AFA}.Debug|Any CPU.ActiveCfg = Debug|Any CPU
		{D90B31FC-EE1F-4A46-88A2-79D53C956AFA}.Debug|Any CPU.Build.0 = Debug|Any CPU
		{D90B31FC-EE1F-4A46-88A2-79D53C956AFA}.Release|Any CPU.ActiveCfg = Release|Any CPU
		{D90B31FC-EE1F-4A46-88A2-79D53C956AFA}.Release|Any CPU.Build.0 = Release|Any CPU
	EndGlobalSection
	GlobalSection(SolutionProperties) = preSolution
		HideSolutionNode = FALSE
	EndGlobalSection
	GlobalSection(ExtensibilityGlobals) = postSolution
		SolutionGuid = {D7F8468E-4255-400D-BDCD-955BA9A629E1}
	EndGlobalSection
EndGlobal
