
Microsoft Visual Studio Solution File, Format Version 12.00
# Visual Studio Version 16
VisualStudioVersion = 16.0.30907.101
MinimumVisualStudioVersion = 10.0.40219.1
Project("{FAE04EC0-301F-11D3-BF4B-00C04F79EFBC}") = "AbstractFactoryPatternApp", "AbstractFactoryPatternApp.csproj", "{BABA8724-D890-436F-90B8-6552611087B0}"
EndProject
Global
	GlobalSection(SolutionConfigurationPlatforms) = preSolution
		Debug|Any CPU = Debug|Any CPU
		Release|Any CPU = Release|Any CPU
	EndGlobalSection
	GlobalSection(ProjectConfigurationPlatforms) = postSolution
		{BABA8724-D890-436F-90B8-6552611087B0}.Debug|Any CPU.ActiveCfg = Debug|Any CPU
		{BABA8724-D890-436F-90B8-6552611087B0}.Debug|Any CPU.Build.0 = Debug|Any CPU
		{BABA8724-D890-436F-90B8-6552611087B0}.Release|Any CPU.ActiveCfg = Release|Any CPU
		{BABA8724-D890-436F-90B8-6552611087B0}.Release|Any CPU.Build.0 = Release|Any CPU
	EndGlobalSection
	GlobalSection(SolutionProperties) = preSolution
		HideSolutionNode = FALSE
	EndGlobalSection
	GlobalSection(ExtensibilityGlobals) = postSolution
		SolutionGuid = {944936ED-6899-48C9-85E5-BF6A9F303A02}
	EndGlobalSection
EndGlobal
